{
    "_readme": [
        "This file locks the dependencies of your project to a known state",
        "Read more about it at https://getcomposer.org/doc/01-basic-usage.md#installing-dependencies",
        "This file is @generated automatically"
    ],
    "content-hash": "6e6da080561158db987d3e1b5c9dbd2e",
    "packages": [
        {
            "name": "fig/http-message-util",
            "version": "1.1.5",
            "source": {
                "type": "git",
                "url": "https://github.com/php-fig/http-message-util.git",
                "reference": "9d94dc0154230ac39e5bf89398b324a86f63f765"
            },
            "dist": {
                "type": "zip",
                "url": "https://api.github.com/repos/php-fig/http-message-util/zipball/9d94dc0154230ac39e5bf89398b324a86f63f765",
                "reference": "9d94dc0154230ac39e5bf89398b324a86f63f765",
                "shasum": ""
            },
            "require": {
                "php": "^5.3 || ^7.0 || ^8.0"
            },
            "suggest": {
                "psr/http-message": "The package containing the PSR-7 interfaces"
            },
            "type": "library",
            "extra": {
                "branch-alias": {
                    "dev-master": "1.1.x-dev"
                }
            },
            "autoload": {
                "psr-4": {
                    "Fig\\Http\\Message\\": "src/"
                }
            },
            "notification-url": "https://packagist.org/downloads/",
            "license": [
                "MIT"
            ],
            "authors": [
                {
                    "name": "PHP-FIG",
                    "homepage": "https://www.php-fig.org/"
                }
            ],
            "description": "Utility classes and constants for use with PSR-7 (psr/http-message)",
            "keywords": [
                "http",
                "http-message",
                "psr",
                "psr-7",
                "request",
                "response"
            ],
            "support": {
                "issues": "https://github.com/php-fig/http-message-util/issues",
                "source": "https://github.com/php-fig/http-message-util/tree/1.1.5"
            },
            "time": "2020-11-24T22:02:12+00:00"
        },
        {
            "name": "irap/autoloader",
            "version": "1.0.2",
            "source": {
                "type": "git",
                "url": "https://github.com/iRAP-software/package-autoloader.git",
                "reference": "58d046d6d544991ca9bbb3ded746deb91c1b45cf"
            },
            "dist": {
                "type": "zip",
                "url": "https://api.github.com/repos/iRAP-software/package-autoloader/zipball/58d046d6d544991ca9bbb3ded746deb91c1b45cf",
                "reference": "58d046d6d544991ca9bbb3ded746deb91c1b45cf",
                "shasum": ""
            },
            "require": {
                "php": ">=5.3"
            },
            "type": "library",
            "autoload": {
                "psr-4": {
                    "iRAP\\Autoloader\\": ""
                }
            },
            "notification-url": "https://packagist.org/downloads/",
            "license": [
                "MIT"
            ],
            "authors": [
                {
                    "name": "Stuart Page",
                    "email": "stuart.page@irap.org"
                }
            ],
            "description": "An package to make it easy to autoload code.",
            "homepage": "https://github.com/iRAP-software/package-autoloader",
            "keywords": [
                "autoloader"
            ],
            "support": {
                "issues": "https://github.com/iRAP-software/package-autoloader/issues",
                "source": "https://github.com/iRAP-software/package-autoloader/tree/master"
            },
            "time": "2017-05-25T13:18:47+00:00"
        },
        {
            "name": "nikic/fast-route",
            "version": "v1.3.0",
            "source": {
                "type": "git",
                "url": "https://github.com/nikic/FastRoute.git",
                "reference": "181d480e08d9476e61381e04a71b34dc0432e812"
            },
            "dist": {
                "type": "zip",
                "url": "https://api.github.com/repos/nikic/FastRoute/zipball/181d480e08d9476e61381e04a71b34dc0432e812",
                "reference": "181d480e08d9476e61381e04a71b34dc0432e812",
                "shasum": ""
            },
            "require": {
                "php": ">=5.4.0"
            },
            "require-dev": {
                "phpunit/phpunit": "^4.8.35|~5.7"
            },
            "type": "library",
            "autoload": {
                "files": [
                    "src/functions.php"
                ],
                "psr-4": {
                    "FastRoute\\": "src/"
                }
            },
            "notification-url": "https://packagist.org/downloads/",
            "license": [
                "BSD-3-Clause"
            ],
            "authors": [
                {
                    "name": "Nikita Popov",
                    "email": "nikic@php.net"
                }
            ],
            "description": "Fast request router for PHP",
            "keywords": [
                "router",
                "routing"
            ],
            "support": {
                "issues": "https://github.com/nikic/FastRoute/issues",
                "source": "https://github.com/nikic/FastRoute/tree/master"
            },
            "time": "2018-02-13T20:26:39+00:00"
        },
        {
            "name": "onelogin/php-saml",
            "version": "4.0.0",
            "source": {
                "type": "git",
                "url": "https://github.com/onelogin/php-saml.git",
                "reference": "f30f5062f3653c4d2082892d207f4dc3e577d979"
            },
            "dist": {
                "type": "zip",
                "url": "https://api.github.com/repos/onelogin/php-saml/zipball/f30f5062f3653c4d2082892d207f4dc3e577d979",
                "reference": "f30f5062f3653c4d2082892d207f4dc3e577d979",
                "shasum": ""
            },
            "require": {
                "php": ">=7.3",
                "robrichards/xmlseclibs": ">=3.1.1"
            },
            "require-dev": {
                "pdepend/pdepend": "^2.8.0",
                "php-coveralls/php-coveralls": "^2.0",
                "phploc/phploc": "^4.0 || ^5.0 || ^6.0 || ^7.0",
                "phpunit/phpunit": "^9.5",
                "sebastian/phpcpd": "^4.0 || ^5.0 || ^6.0 ",
                "squizlabs/php_codesniffer": "^3.5.8"
            },
            "suggest": {
                "ext-curl": "Install curl lib to be able to use the IdPMetadataParser for parsing remote XMLs",
                "ext-dom": "Install xml lib",
                "ext-openssl": "Install openssl lib in order to handle with x509 certs (require to support sign and encryption)",
                "ext-zlib": "Install zlib"
            },
            "type": "library",
            "autoload": {
                "psr-4": {
                    "OneLogin\\": "src/"
                }
            },
            "notification-url": "https://packagist.org/downloads/",
            "license": [
                "MIT"
            ],
            "description": "OneLogin PHP SAML Toolkit",
            "homepage": "https://developers.onelogin.com/saml/php",
            "keywords": [
                "SAML2",
                "onelogin",
                "saml"
            ],
            "support": {
                "email": "sixto.garcia@onelogin.com",
                "issues": "https://github.com/onelogin/php-saml/issues",
                "source": "https://github.com/onelogin/php-saml/"
            },
            "time": "2021-03-02T10:19:19+00:00"
        },
        {
            "name": "programster/abstract-view",
            "version": "1.1.0",
            "source": {
                "type": "git",
                "url": "https://github.com/programster/package-abstract-view.git",
                "reference": "38eb8f62e35a30846eb9658fafa8cab2ae3eee37"
            },
            "dist": {
                "type": "zip",
                "url": "https://api.github.com/repos/programster/package-abstract-view/zipball/38eb8f62e35a30846eb9658fafa8cab2ae3eee37",
                "reference": "38eb8f62e35a30846eb9658fafa8cab2ae3eee37",
                "shasum": ""
            },
            "require": {
                "php": ">=8.0.0"
            },
            "type": "library",
            "autoload": {
                "psr-4": {
                    "Programster\\AbstractView\\": "src/"
                }
            },
            "notification-url": "https://packagist.org/downloads/",
            "license": [
                "MIT"
            ],
            "authors": [
                {
                    "name": "Stuart Page",
                    "email": "sdpagent@gamail.com",
                    "homepage": "https://blog.programster.org",
                    "role": "Developer"
                }
            ],
            "description": "An abstract view to make views easy.",
            "homepage": "https://github.com/programster/package-abstract-view",
            "keywords": [
                "views"
            ],
            "support": {
                "issues": "https://github.com/programster/package-abstract-view/issues",
                "source": "https://github.com/programster/package-abstract-view/tree/1.1.0"
            },
            "time": "2021-07-03T15:04:43+00:00"
        },
        {
            "name": "programster/saml",
            "version": "dev-certificate-rollover",
            "source": {
                "type": "git",
                "url": "https://github.com/programster/package-saml-helper.git",
                "reference": "5a6756bff13a1828eab93522fffe05360934e7d6"
            },
            "dist": {
                "type": "zip",
                "url": "https://api.github.com/repos/programster/package-saml-helper/zipball/5a6756bff13a1828eab93522fffe05360934e7d6",
                "reference": "5a6756bff13a1828eab93522fffe05360934e7d6",
                "shasum": ""
            },
            "require": {
                "ext-dom": "*",
                "ext-xml": "*",
                "onelogin/php-saml": "^4.0",
                "php": ">=8.0.0"
            },
            "type": "library",
            "autoload": {
                "psr-4": {
                    "Programster\\Saml\\": "src",
                    "Programster\\Saml\\Exceptions\\": "src/exceptions"
                }
            },
            "notification-url": "https://packagist.org/downloads/",
            "license": [
                "MIT"
            ],
            "authors": [
                {
                    "name": "Stuart Page",
                    "email": "sdpagent@gmail.com",
                    "homepage": "https://blog.programster.org/",
                    "role": "Master of the universe."
                }
            ],
            "description": "A library to help with interfacing with a SAML SSO. This does so by wrapping around the onelogin/php-saml package.",
            "homepage": "https://github.com/programster/package-saml-helper",
            "keywords": [
                "SSO",
                "saml"
            ],
            "support": {
                "issues": "https://github.com/programster/package-saml-helper/issues",
                "source": "https://github.com/programster/package-saml-helper/tree/certificate-rollover"
            },
            "time": "2022-05-12T15:52:46+00:00"
        },
        {
            "name": "psr/container",
            "version": "2.0.2",
            "source": {
                "type": "git",
                "url": "https://github.com/php-fig/container.git",
                "reference": "c71ecc56dfe541dbd90c5360474fbc405f8d5963"
            },
            "dist": {
                "type": "zip",
                "url": "https://api.github.com/repos/php-fig/container/zipball/c71ecc56dfe541dbd90c5360474fbc405f8d5963",
                "reference": "c71ecc56dfe541dbd90c5360474fbc405f8d5963",
                "shasum": ""
            },
            "require": {
                "php": ">=7.4.0"
            },
            "type": "library",
            "extra": {
                "branch-alias": {
                    "dev-master": "2.0.x-dev"
                }
            },
            "autoload": {
                "psr-4": {
                    "Psr\\Container\\": "src/"
                }
            },
            "notification-url": "https://packagist.org/downloads/",
            "license": [
                "MIT"
            ],
            "authors": [
                {
                    "name": "PHP-FIG",
                    "homepage": "https://www.php-fig.org/"
                }
            ],
            "description": "Common Container Interface (PHP FIG PSR-11)",
            "homepage": "https://github.com/php-fig/container",
            "keywords": [
                "PSR-11",
                "container",
                "container-interface",
                "container-interop",
                "psr"
            ],
            "support": {
                "issues": "https://github.com/php-fig/container/issues",
                "source": "https://github.com/php-fig/container/tree/2.0.2"
            },
            "time": "2021-11-05T16:47:00+00:00"
        },
        {
            "name": "psr/http-factory",
            "version": "1.0.1",
            "source": {
                "type": "git",
                "url": "https://github.com/php-fig/http-factory.git",
                "reference": "12ac7fcd07e5b077433f5f2bee95b3a771bf61be"
            },
            "dist": {
                "type": "zip",
                "url": "https://api.github.com/repos/php-fig/http-factory/zipball/12ac7fcd07e5b077433f5f2bee95b3a771bf61be",
                "reference": "12ac7fcd07e5b077433f5f2bee95b3a771bf61be",
                "shasum": ""
            },
            "require": {
                "php": ">=7.0.0",
                "psr/http-message": "^1.0"
            },
            "type": "library",
            "extra": {
                "branch-alias": {
                    "dev-master": "1.0.x-dev"
                }
            },
            "autoload": {
                "psr-4": {
                    "Psr\\Http\\Message\\": "src/"
                }
            },
            "notification-url": "https://packagist.org/downloads/",
            "license": [
                "MIT"
            ],
            "authors": [
                {
                    "name": "PHP-FIG",
                    "homepage": "http://www.php-fig.org/"
                }
            ],
            "description": "Common interfaces for PSR-7 HTTP message factories",
            "keywords": [
                "factory",
                "http",
                "message",
                "psr",
                "psr-17",
                "psr-7",
                "request",
                "response"
            ],
            "support": {
                "source": "https://github.com/php-fig/http-factory/tree/master"
            },
            "time": "2019-04-30T12:38:16+00:00"
        },
        {
            "name": "psr/http-message",
            "version": "1.0.1",
            "source": {
                "type": "git",
                "url": "https://github.com/php-fig/http-message.git",
                "reference": "f6561bf28d520154e4b0ec72be95418abe6d9363"
            },
            "dist": {
                "type": "zip",
                "url": "https://api.github.com/repos/php-fig/http-message/zipball/f6561bf28d520154e4b0ec72be95418abe6d9363",
                "reference": "f6561bf28d520154e4b0ec72be95418abe6d9363",
                "shasum": ""
            },
            "require": {
                "php": ">=5.3.0"
            },
            "type": "library",
            "extra": {
                "branch-alias": {
                    "dev-master": "1.0.x-dev"
                }
            },
            "autoload": {
                "psr-4": {
                    "Psr\\Http\\Message\\": "src/"
                }
            },
            "notification-url": "https://packagist.org/downloads/",
            "license": [
                "MIT"
            ],
            "authors": [
                {
                    "name": "PHP-FIG",
                    "homepage": "http://www.php-fig.org/"
                }
            ],
            "description": "Common interface for HTTP messages",
            "homepage": "https://github.com/php-fig/http-message",
            "keywords": [
                "http",
                "http-message",
                "psr",
                "psr-7",
                "request",
                "response"
            ],
            "support": {
                "source": "https://github.com/php-fig/http-message/tree/master"
            },
            "time": "2016-08-06T14:39:51+00:00"
        },
        {
            "name": "psr/http-server-handler",
            "version": "1.0.1",
            "source": {
                "type": "git",
                "url": "https://github.com/php-fig/http-server-handler.git",
                "reference": "aff2f80e33b7f026ec96bb42f63242dc50ffcae7"
            },
            "dist": {
                "type": "zip",
                "url": "https://api.github.com/repos/php-fig/http-server-handler/zipball/aff2f80e33b7f026ec96bb42f63242dc50ffcae7",
                "reference": "aff2f80e33b7f026ec96bb42f63242dc50ffcae7",
                "shasum": ""
            },
            "require": {
                "php": ">=7.0",
                "psr/http-message": "^1.0"
            },
            "type": "library",
            "extra": {
                "branch-alias": {
                    "dev-master": "1.0.x-dev"
                }
            },
            "autoload": {
                "psr-4": {
                    "Psr\\Http\\Server\\": "src/"
                }
            },
            "notification-url": "https://packagist.org/downloads/",
            "license": [
                "MIT"
            ],
            "authors": [
                {
                    "name": "PHP-FIG",
                    "homepage": "http://www.php-fig.org/"
                }
            ],
            "description": "Common interface for HTTP server-side request handler",
            "keywords": [
                "handler",
                "http",
                "http-interop",
                "psr",
                "psr-15",
                "psr-7",
                "request",
                "response",
                "server"
            ],
            "support": {
                "issues": "https://github.com/php-fig/http-server-handler/issues",
                "source": "https://github.com/php-fig/http-server-handler/tree/master"
            },
            "time": "2018-10-30T16:46:14+00:00"
        },
        {
            "name": "psr/http-server-middleware",
            "version": "1.0.1",
            "source": {
                "type": "git",
                "url": "https://github.com/php-fig/http-server-middleware.git",
                "reference": "2296f45510945530b9dceb8bcedb5cb84d40c5f5"
            },
            "dist": {
                "type": "zip",
                "url": "https://api.github.com/repos/php-fig/http-server-middleware/zipball/2296f45510945530b9dceb8bcedb5cb84d40c5f5",
                "reference": "2296f45510945530b9dceb8bcedb5cb84d40c5f5",
                "shasum": ""
            },
            "require": {
                "php": ">=7.0",
                "psr/http-message": "^1.0",
                "psr/http-server-handler": "^1.0"
            },
            "type": "library",
            "extra": {
                "branch-alias": {
                    "dev-master": "1.0.x-dev"
                }
            },
            "autoload": {
                "psr-4": {
                    "Psr\\Http\\Server\\": "src/"
                }
            },
            "notification-url": "https://packagist.org/downloads/",
            "license": [
                "MIT"
            ],
            "authors": [
                {
                    "name": "PHP-FIG",
                    "homepage": "http://www.php-fig.org/"
                }
            ],
            "description": "Common interface for HTTP server-side middleware",
            "keywords": [
                "http",
                "http-interop",
                "middleware",
                "psr",
                "psr-15",
                "psr-7",
                "request",
                "response"
            ],
            "support": {
                "issues": "https://github.com/php-fig/http-server-middleware/issues",
                "source": "https://github.com/php-fig/http-server-middleware/tree/master"
            },
            "time": "2018-10-30T17:12:04+00:00"
        },
        {
            "name": "psr/log",
            "version": "3.0.0",
            "source": {
                "type": "git",
                "url": "https://github.com/php-fig/log.git",
                "reference": "fe5ea303b0887d5caefd3d431c3e61ad47037001"
            },
            "dist": {
                "type": "zip",
                "url": "https://api.github.com/repos/php-fig/log/zipball/fe5ea303b0887d5caefd3d431c3e61ad47037001",
                "reference": "fe5ea303b0887d5caefd3d431c3e61ad47037001",
                "shasum": ""
            },
            "require": {
                "php": ">=8.0.0"
            },
            "type": "library",
            "extra": {
                "branch-alias": {
                    "dev-master": "3.x-dev"
                }
            },
            "autoload": {
                "psr-4": {
                    "Psr\\Log\\": "src"
                }
            },
            "notification-url": "https://packagist.org/downloads/",
            "license": [
                "MIT"
            ],
            "authors": [
                {
                    "name": "PHP-FIG",
                    "homepage": "https://www.php-fig.org/"
                }
            ],
            "description": "Common interface for logging libraries",
            "homepage": "https://github.com/php-fig/log",
            "keywords": [
                "log",
                "psr",
                "psr-3"
            ],
            "support": {
                "source": "https://github.com/php-fig/log/tree/3.0.0"
            },
            "time": "2021-07-14T16:46:02+00:00"
        },
        {
            "name": "ralouphie/getallheaders",
            "version": "3.0.3",
            "source": {
                "type": "git",
                "url": "https://github.com/ralouphie/getallheaders.git",
                "reference": "120b605dfeb996808c31b6477290a714d356e822"
            },
            "dist": {
                "type": "zip",
                "url": "https://api.github.com/repos/ralouphie/getallheaders/zipball/120b605dfeb996808c31b6477290a714d356e822",
                "reference": "120b605dfeb996808c31b6477290a714d356e822",
                "shasum": ""
            },
            "require": {
                "php": ">=5.6"
            },
            "require-dev": {
                "php-coveralls/php-coveralls": "^2.1",
                "phpunit/phpunit": "^5 || ^6.5"
            },
            "type": "library",
            "autoload": {
                "files": [
                    "src/getallheaders.php"
                ]
            },
            "notification-url": "https://packagist.org/downloads/",
            "license": [
                "MIT"
            ],
            "authors": [
                {
                    "name": "Ralph Khattar",
                    "email": "ralph.khattar@gmail.com"
                }
            ],
            "description": "A polyfill for getallheaders.",
            "support": {
                "issues": "https://github.com/ralouphie/getallheaders/issues",
                "source": "https://github.com/ralouphie/getallheaders/tree/develop"
            },
            "time": "2019-03-08T08:55:37+00:00"
        },
        {
            "name": "robrichards/xmlseclibs",
            "version": "3.1.1",
            "source": {
                "type": "git",
                "url": "https://github.com/robrichards/xmlseclibs.git",
                "reference": "f8f19e58f26cdb42c54b214ff8a820760292f8df"
            },
            "dist": {
                "type": "zip",
                "url": "https://api.github.com/repos/robrichards/xmlseclibs/zipball/f8f19e58f26cdb42c54b214ff8a820760292f8df",
                "reference": "f8f19e58f26cdb42c54b214ff8a820760292f8df",
                "shasum": ""
            },
            "require": {
                "ext-openssl": "*",
                "php": ">= 5.4"
            },
            "type": "library",
            "autoload": {
                "psr-4": {
                    "RobRichards\\XMLSecLibs\\": "src"
                }
            },
            "notification-url": "https://packagist.org/downloads/",
            "license": [
                "BSD-3-Clause"
            ],
            "description": "A PHP library for XML Security",
            "homepage": "https://github.com/robrichards/xmlseclibs",
            "keywords": [
                "security",
                "signature",
                "xml",
                "xmldsig"
            ],
            "support": {
                "issues": "https://github.com/robrichards/xmlseclibs/issues",
                "source": "https://github.com/robrichards/xmlseclibs/tree/3.1.1"
            },
            "time": "2020-09-05T13:00:25+00:00"
        },
        {
            "name": "slim/psr7",
            "version": "1.5",
            "source": {
                "type": "git",
                "url": "https://github.com/slimphp/Slim-Psr7.git",
                "reference": "a47b43a8da7c0208b4c228af0cb29ea36080635a"
            },
            "dist": {
                "type": "zip",
                "url": "https://api.github.com/repos/slimphp/Slim-Psr7/zipball/a47b43a8da7c0208b4c228af0cb29ea36080635a",
                "reference": "a47b43a8da7c0208b4c228af0cb29ea36080635a",
                "shasum": ""
            },
            "require": {
                "fig/http-message-util": "^1.1.5",
                "php": "^7.3 || ^8.0",
                "psr/http-factory": "^1.0",
                "psr/http-message": "^1.0",
                "ralouphie/getallheaders": "^3.0",
                "symfony/polyfill-php80": "^1.23"
            },
            "provide": {
                "psr/http-factory-implementation": "1.0",
                "psr/http-message-implementation": "1.0"
            },
            "require-dev": {
                "adriansuter/php-autoload-override": "^1.2",
                "ext-json": "*",
                "http-interop/http-factory-tests": "^0.9.0",
                "php-http/psr7-integration-tests": "dev-master",
                "phpspec/prophecy": "^1.14",
                "phpspec/prophecy-phpunit": "^2.0",
                "phpstan/phpstan": "^0.12.99",
                "phpunit/phpunit": "^9.5",
                "squizlabs/php_codesniffer": "^3.6"
            },
            "type": "library",
            "autoload": {
                "psr-4": {
                    "Slim\\Psr7\\": "src"
                }
            },
            "notification-url": "https://packagist.org/downloads/",
            "license": [
                "MIT"
            ],
            "authors": [
                {
                    "name": "Josh Lockhart",
                    "email": "hello@joshlockhart.com",
                    "homepage": "http://joshlockhart.com"
                },
                {
                    "name": "Andrew Smith",
                    "email": "a.smith@silentworks.co.uk",
                    "homepage": "http://silentworks.co.uk"
                },
                {
                    "name": "Rob Allen",
                    "email": "rob@akrabat.com",
                    "homepage": "http://akrabat.com"
                },
                {
                    "name": "Pierre Berube",
                    "email": "pierre@lgse.com",
                    "homepage": "http://www.lgse.com"
                }
            ],
            "description": "Strict PSR-7 implementation",
            "homepage": "https://www.slimframework.com",
            "keywords": [
                "http",
                "psr-7",
                "psr7"
            ],
            "support": {
                "issues": "https://github.com/slimphp/Slim-Psr7/issues",
                "source": "https://github.com/slimphp/Slim-Psr7/tree/1.5"
            },
            "time": "2021-09-22T04:33:00+00:00"
        },
        {
            "name": "slim/slim",
            "version": "4.10.0",
            "source": {
                "type": "git",
                "url": "https://github.com/slimphp/Slim.git",
                "reference": "0dfc7d2fdf2553b361d864d51af3fe8a6ad168b0"
            },
            "dist": {
                "type": "zip",
                "url": "https://api.github.com/repos/slimphp/Slim/zipball/0dfc7d2fdf2553b361d864d51af3fe8a6ad168b0",
                "reference": "0dfc7d2fdf2553b361d864d51af3fe8a6ad168b0",
                "shasum": ""
            },
            "require": {
                "ext-json": "*",
                "nikic/fast-route": "^1.3",
                "php": "^7.4 || ^8.0",
                "psr/container": "^1.0 || ^2.0",
                "psr/http-factory": "^1.0",
                "psr/http-message": "^1.0",
                "psr/http-server-handler": "^1.0",
                "psr/http-server-middleware": "^1.0",
                "psr/log": "^1.1 || ^2.0 || ^3.0"
            },
            "require-dev": {
                "adriansuter/php-autoload-override": "^1.2",
                "ext-simplexml": "*",
                "guzzlehttp/psr7": "^2.1",
                "httpsoft/http-message": "^1.0",
                "httpsoft/http-server-request": "^1.0",
                "laminas/laminas-diactoros": "^2.8",
                "nyholm/psr7": "^1.5",
                "nyholm/psr7-server": "^1.0",
                "phpspec/prophecy": "^1.15",
                "phpspec/prophecy-phpunit": "^2.0",
                "phpstan/phpstan": "^1.4",
                "phpunit/phpunit": "^9.5",
                "slim/http": "^1.2",
                "slim/psr7": "^1.5",
                "squizlabs/php_codesniffer": "^3.6"
            },
            "suggest": {
                "ext-simplexml": "Needed to support XML format in BodyParsingMiddleware",
                "ext-xml": "Needed to support XML format in BodyParsingMiddleware",
                "php-di/php-di": "PHP-DI is the recommended container library to be used with Slim",
                "slim/psr7": "Slim PSR-7 implementation. See https://www.slimframework.com/docs/v4/start/installation.html for more information."
            },
            "type": "library",
            "autoload": {
                "psr-4": {
                    "Slim\\": "Slim"
                }
            },
            "notification-url": "https://packagist.org/downloads/",
            "license": [
                "MIT"
            ],
            "authors": [
                {
                    "name": "Josh Lockhart",
                    "email": "hello@joshlockhart.com",
                    "homepage": "https://joshlockhart.com"
                },
                {
                    "name": "Andrew Smith",
                    "email": "a.smith@silentworks.co.uk",
                    "homepage": "http://silentworks.co.uk"
                },
                {
                    "name": "Rob Allen",
                    "email": "rob@akrabat.com",
                    "homepage": "http://akrabat.com"
                },
                {
                    "name": "Pierre Berube",
                    "email": "pierre@lgse.com",
                    "homepage": "http://www.lgse.com"
                },
                {
                    "name": "Gabriel Manricks",
                    "email": "gmanricks@me.com",
                    "homepage": "http://gabrielmanricks.com"
                }
            ],
            "description": "Slim is a PHP micro framework that helps you quickly write simple yet powerful web applications and APIs",
            "homepage": "https://www.slimframework.com",
            "keywords": [
                "api",
                "framework",
                "micro",
                "router"
            ],
            "support": {
                "docs": "https://www.slimframework.com/docs/v4/",
                "forum": "https://discourse.slimframework.com/",
                "irc": "irc://irc.freenode.net:6667/slimphp",
                "issues": "https://github.com/slimphp/Slim/issues",
                "rss": "https://www.slimframework.com/blog/feed.rss",
                "slack": "https://slimphp.slack.com/",
                "source": "https://github.com/slimphp/Slim",
                "wiki": "https://github.com/slimphp/Slim/wiki"
            },
            "funding": [
                {
                    "url": "https://opencollective.com/slimphp",
                    "type": "open_collective"
                },
                {
                    "url": "https://tidelift.com/funding/github/packagist/slim/slim",
                    "type": "tidelift"
                }
            ],
            "time": "2022-03-14T14:18:23+00:00"
        },
        {
            "name": "symfony/polyfill-php80",
            "version": "v1.25.0",
            "source": {
                "type": "git",
                "url": "https://github.com/symfony/polyfill-php80.git",
                "reference": "4407588e0d3f1f52efb65fbe92babe41f37fe50c"
            },
            "dist": {
                "type": "zip",
                "url": "https://api.github.com/repos/symfony/polyfill-php80/zipball/4407588e0d3f1f52efb65fbe92babe41f37fe50c",
                "reference": "4407588e0d3f1f52efb65fbe92babe41f37fe50c",
                "shasum": ""
            },
            "require": {
                "php": ">=7.1"
            },
            "type": "library",
            "extra": {
                "branch-alias": {
                    "dev-main": "1.23-dev"
                },
                "thanks": {
                    "name": "symfony/polyfill",
                    "url": "https://github.com/symfony/polyfill"
                }
            },
            "autoload": {
                "files": [
                    "bootstrap.php"
                ],
                "psr-4": {
                    "Symfony\\Polyfill\\Php80\\": ""
                },
                "classmap": [
                    "Resources/stubs"
                ]
            },
            "notification-url": "https://packagist.org/downloads/",
            "license": [
                "MIT"
            ],
            "authors": [
                {
                    "name": "Ion Bazan",
                    "email": "ion.bazan@gmail.com"
                },
                {
                    "name": "Nicolas Grekas",
                    "email": "p@tchwork.com"
                },
                {
                    "name": "Symfony Community",
                    "homepage": "https://symfony.com/contributors"
                }
            ],
            "description": "Symfony polyfill backporting some PHP 8.0+ features to lower PHP versions",
            "homepage": "https://symfony.com",
            "keywords": [
                "compatibility",
                "polyfill",
                "portable",
                "shim"
            ],
            "support": {
                "source": "https://github.com/symfony/polyfill-php80/tree/v1.25.0"
            },
            "funding": [
                {
                    "url": "https://symfony.com/sponsor",
                    "type": "custom"
                },
                {
                    "url": "https://github.com/fabpot",
                    "type": "github"
                },
                {
                    "url": "https://tidelift.com/funding/github/packagist/symfony/symfony",
                    "type": "tidelift"
                }
            ],
            "time": "2022-03-04T08:16:47+00:00"
        }
    ],
    "packages-dev": [],
    "aliases": [],
    "minimum-stability": "stable",
    "stability-flags": {
        "programster/saml": 20
    },
    "prefer-stable": false,
    "prefer-lowest": false,
    "platform": [],
    "platform-dev": [],
    "plugin-api-version": "2.1.0"
}
